
Microsoft Visual Studio Solution File, Format Version 12.00
# Visual Studio Version 16
VisualStudioVersion = 16.0.29318.209
MinimumVisualStudioVersion = 10.0.40219.1
Project("{FAE04EC0-301F-11D3-BF4B-00C04F79EFBC}") = "Csharp project Q5", "Csharp project Q5\Csharp project Q5.csproj", "{29E5A4AC-198A-48D2-B9F8-47A7D640ADFD}"
EndProject
Global
	GlobalSection(SolutionConfigurationPlatforms) = preSolution
		Debug|Any CPU = Debug|Any CPU
		Release|Any CPU = Release|Any CPU
	EndGlobalSection
	GlobalSection(ProjectConfigurationPlatforms) = postSolution
		{29E5A4AC-198A-48D2-B9F8-47A7D640ADFD}.Debug|Any CPU.ActiveCfg = Debug|Any CPU
		{29E5A4AC-198A-48D2-B9F8-47A7D640ADFD}.Debug|Any CPU.Build.0 = Debug|Any CPU
		{29E5A4AC-198A-48D2-B9F8-47A7D640ADFD}.Release|Any CPU.ActiveCfg = Release|Any CPU
		{29E5A4AC-198A-48D2-B9F8-47A7D640ADFD}.Release|Any CPU.Build.0 = Release|Any CPU
	EndGlobalSection
	GlobalSection(SolutionProperties) = preSolution
		HideSolutionNode = FALSE
	EndGlobalSection
	GlobalSection(ExtensibilityGlobals) = postSolution
		SolutionGuid = {18069DAC-9241-4D2A-BF39-8E4BF49E98F6}
	EndGlobalSection
EndGlobal
